
Microsoft Visual Studio Solution File, Format Version 12.00
# Visual Studio Version 17
VisualStudioVersion = 17.7.34202.233
MinimumVisualStudioVersion = 10.0.40219.1
Project("{FAE04EC0-301F-11D3-BF4B-00C04F79EFBC}") = "todo-test-server", "todo-test-server.csproj", "{284AA78C-17F2-48A3-AFE4-FF9CDB44EA18}"
EndProject
Global
	GlobalSection(SolutionConfigurationPlatforms) = preSolution
		Debug|Any CPU = Debug|Any CPU
		Release|Any CPU = Release|Any CPU
	EndGlobalSection
	GlobalSection(ProjectConfigurationPlatforms) = postSolution
		{284AA78C-17F2-48A3-AFE4-FF9CDB44EA18}.Debug|Any CPU.ActiveCfg = Debug|Any CPU
		{284AA78C-17F2-48A3-AFE4-FF9CDB44EA18}.Debug|Any CPU.Build.0 = Debug|Any CPU
		{284AA78C-17F2-48A3-AFE4-FF9CDB44EA18}.Release|Any CPU.ActiveCfg = Release|Any CPU
		{284AA78C-17F2-48A3-AFE4-FF9CDB44EA18}.Release|Any CPU.Build.0 = Release|Any CPU
	EndGlobalSection
	GlobalSection(SolutionProperties) = preSolution
		HideSolutionNode = FALSE
	EndGlobalSection
	GlobalSection(ExtensibilityGlobals) = postSolution
		SolutionGuid = {4387F6A5-2261-4831-85EF-AAA09C15873A}
	EndGlobalSection
EndGlobal
